<?xml version="1.0" encoding="utf-8"?>
<Project ToolsVersion="17.0" xmlns="http://schemas.microsoft.com/developer/msbuild/2003">
  <ItemGroup>
    <ClCompile Include="C:\Users\lfarag\source\repos\ConsoleGL\ConsoleGL-Example\Main.cpp">
      <Filter>Source Files</Filter>
    </ClCompile>
  </ItemGroup>
  <ItemGroup>
    <ClInclude Include="C:\Users\lfarag\source\repos\ConsoleGL\ConsoleGL-Example\Example.hpp">
      <Filter>Header Files</Filter>
    </ClInclude>
  </ItemGroup>
  <ItemGroup>
    <CustomBuild Include="C:\Users\lfarag\source\repos\ConsoleGL\CMakeLists.txt" />
  </ItemGroup>
  <ItemGroup>
    <Filter Include="Header Files">
      <UniqueIdentifier>{DD917F39-705E-37A6-B2A6-5CEEDC347CED}</UniqueIdentifier>
    </Filter>
    <Filter Include="Source Files">
      <UniqueIdentifier>{28888CD7-B7D4-30C1-BF67-840FADB8DE4A}</UniqueIdentifier>
    </Filter>
  </ItemGroup>
</Project>
