<?xml version="1.0" encoding="utf-8"?>
<Project ToolsVersion="17.0" xmlns="http://schemas.microsoft.com/developer/msbuild/2003">
  <ItemGroup>
    <ClCompile Include="C:\Users\lfarag\source\repos\ConsoleGL\ConsoleGL-Shaders\Shaders\Shader_Fragment_Default.cpp">
      <Filter>Shader Files</Filter>
    </ClCompile>
    <ClCompile Include="C:\Users\lfarag\source\repos\ConsoleGL\ConsoleGL-Core\Include\ConsoleGL\ConsoleGL.cpp">
      <Filter>Source Files</Filter>
    </ClCompile>
    <ClCompile Include="C:\Users\lfarag\source\repos\ConsoleGL\ConsoleGL-Core\Include\ConsoleGL\PixelColourMap.cpp">
      <Filter>Source Files</Filter>
    </ClCompile>
  </ItemGroup>
  <ItemGroup>
    <ClInclude Include="C:\Users\lfarag\source\repos\ConsoleGL\ConsoleGL-Core\Include\ConsoleGL\ConsoleColour.hpp">
      <Filter>Header Files</Filter>
    </ClInclude>
    <ClInclude Include="C:\Users\lfarag\source\repos\ConsoleGL\ConsoleGL-Core\Include\ConsoleGL\ConsoleGL.hpp">
      <Filter>Header Files</Filter>
    </ClInclude>
    <ClInclude Include="C:\Users\lfarag\source\repos\ConsoleGL\ConsoleGL-Core\Include\ConsoleGL\ConsoleRendering.hpp">
      <Filter>Header Files</Filter>
    </ClInclude>
    <ClInclude Include="C:\Users\lfarag\source\repos\ConsoleGL\ConsoleGL-Core\Include\ConsoleGL\ConsoleWindow.hpp">
      <Filter>Header Files</Filter>
    </ClInclude>
    <ClInclude Include="C:\Users\lfarag\source\repos\ConsoleGL\ConsoleGL-Core\Include\ConsoleGL\Pixel.hpp">
      <Filter>Header Files</Filter>
    </ClInclude>
    <ClInclude Include="C:\Users\lfarag\source\repos\ConsoleGL\ConsoleGL-Core\Include\ConsoleGL\PixelColourMap.hpp">
      <Filter>Header Files</Filter>
    </ClInclude>
  </ItemGroup>
  <ItemGroup>
    <CustomBuild Include="C:\Users\lfarag\source\repos\ConsoleGL\CMakeLists.txt" />
  </ItemGroup>
  <ItemGroup>
    <Filter Include="Header Files">
      <UniqueIdentifier>{DD917F39-705E-37A6-B2A6-5CEEDC347CED}</UniqueIdentifier>
    </Filter>
    <Filter Include="Shader Files">
      <UniqueIdentifier>{BA8756DA-98F9-3CBB-9540-7C3E4A795140}</UniqueIdentifier>
    </Filter>
    <Filter Include="Source Files">
      <UniqueIdentifier>{28888CD7-B7D4-30C1-BF67-840FADB8DE4A}</UniqueIdentifier>
    </Filter>
  </ItemGroup>
</Project>
