<?xml version="1.0" encoding="utf-8"?>
<Project ToolsVersion="17.0" xmlns="http://schemas.microsoft.com/developer/msbuild/2003">
  <ItemGroup>
    <CustomBuild Include="C:\Users\lfarag\source\repos\ConsoleGL\Built\CMakeFiles\525cd1346ab8bd5c9323fe2201573932\generate.stamp.rule">
      <Filter>CMake Rules</Filter>
    </CustomBuild>
  </ItemGroup>
  <ItemGroup>
    <Filter Include="CMake Rules">
      <UniqueIdentifier>{AA4852B2-FAAC-3559-8F01-DD4E88EC708B}</UniqueIdentifier>
    </Filter>
  </ItemGroup>
</Project>
